{
  "name": "demo",
  "version": "1.2.0",
  "lockfileVersion": 3,
  "requires": true,
  "packages": {
    "": {
      "name": "demo",
      "version": "1.2.0",
      "dependencies": {
        "ulid": "^2.3.0"
      },
      "devDependencies": {
        "@jondotsoy/flags": "^2.0.2",
        "@types/bun": "latest",
        "@types/tar": "^6.1.11",
        "base64-js": "^1.5.1",
        "nanostores": "^0.9.5",
        "prettier": "^3.2.4",
        "tar": "^6.2.0",
        "yaml": "^2.3.4"
      },
      "peerDependencies": {
        "typescript": "^5.0.0"
      }
    },
    "node_modules/@jondotsoy/flags": {
      "version": "2.0.2",
      "dev": true,
      "license": "MIT"
    },
    "node_modules/@types/bun": {
      "version": "1.0.4",
      "resolved": "https://registry.npmjs.org/@types/bun/-/bun-1.0.4.tgz",
      "integrity": "sha512-2DO7sqwtpko3d3XP2kLpJsOkV12sSRt8cFR955JVB60m1DiXE56T+gJq+DcCczQ5khxgCDQKkyBRlgg5VH33Dw==",
      "dev": true,
      "dependencies": {
        "bun-types": "1.0.25"
      }
    },
    "node_modules/@types/node": {
      "version": "20.11.7",
      "dev": true,
      "license": "MIT",
      "dependencies": {
        "undici-types": "~5.26.4"
      }
    },
    "node_modules/@types/node/node_modules/undici-types": {
      "version": "5.26.5",
      "dev": true,
      "license": "MIT"
    },
    "node_modules/@types/tar": {
      "version": "6.1.11",
      "resolved": "https://registry.npmjs.org/@types/tar/-/tar-6.1.11.tgz",
      "integrity": "sha512-ThA1WD8aDdVU4VLuyq5NEqriwXErF5gEIJeyT6gHBWU7JtSmW2a5qjNv3/vR82O20mW+1vhmeZJfBQPT3HCugg==",
      "dev": true,
      "dependencies": {
        "@types/node": "*",
        "minipass": "^4.0.0"
      }
    },
    "node_modules/@types/tar/node_modules/minipass": {
      "version": "4.2.8",
      "resolved": "https://registry.npmjs.org/minipass/-/minipass-4.2.8.tgz",
      "integrity": "sha512-fNzuVyifolSLFL4NzpF+wEF4qrgqaaKX0haXPQEdQ7NKAN+WecoKMHV09YcuL/DHxrUsYQOK3MiuDf7Ip2OXfQ==",
      "dev": true,
      "engines": {
        "node": ">=8"
      }
    },
    "node_modules/@types/ws": {
      "version": "8.5.10",
      "dev": true,
      "license": "MIT",
      "dependencies": {
        "@types/node": "*"
      }
    },
    "node_modules/base64-js": {
      "version": "1.5.1",
      "dev": true,
      "funding": [
        {
          "type": "github",
          "url": "https://github.com/sponsors/feross"
        },
        {
          "type": "patreon",
          "url": "https://www.patreon.com/feross"
        },
        {
          "type": "consulting",
          "url": "https://feross.org/support"
        }
      ],
      "license": "MIT"
    },
    "node_modules/bun-types": {
      "version": "1.0.25",
      "dev": true,
      "license": "MIT",
      "dependencies": {
        "@types/node": "*",
        "@types/ws": "*",
        "undici-types": "^5.26.4"
      }
    },
    "node_modules/chownr": {
      "version": "2.0.0",
      "dev": true,
      "license": "ISC",
      "engines": {
        "node": ">=10"
      }
    },
    "node_modules/fs-minipass": {
      "version": "2.1.0",
      "dev": true,
      "license": "ISC",
      "dependencies": {
        "minipass": "^3.0.0"
      },
      "engines": {
        "node": ">= 8"
      }
    },
    "node_modules/fs-minipass/node_modules/minipass": {
      "version": "3.3.6",
      "dev": true,
      "license": "ISC",
      "dependencies": {
        "yallist": "^4.0.0"
      },
      "engines": {
        "node": ">=8"
      }
    },
    "node_modules/minipass": {
      "version": "5.0.0",
      "dev": true,
      "license": "ISC",
      "engines": {
        "node": ">=8"
      }
    },
    "node_modules/minizlib": {
      "version": "2.1.2",
      "dev": true,
      "license": "MIT",
      "dependencies": {
        "minipass": "^3.0.0",
        "yallist": "^4.0.0"
      },
      "engines": {
        "node": ">= 8"
      }
    },
    "node_modules/minizlib/node_modules/minipass": {
      "version": "3.3.6",
      "dev": true,
      "license": "ISC",
      "dependencies": {
        "yallist": "^4.0.0"
      },
      "engines": {
        "node": ">=8"
      }
    },
    "node_modules/mkdirp": {
      "version": "1.0.4",
      "dev": true,
      "license": "MIT",
      "bin": {
        "mkdirp": "bin/cmd.js"
      },
      "engines": {
        "node": ">=10"
      }
    },
    "node_modules/nanostores": {
      "version": "0.9.5",
      "dev": true,
      "funding": [
        {
          "type": "github",
          "url": "https://github.com/sponsors/ai"
        }
      ],
      "license": "MIT",
      "engines": {
        "node": "^16.0.0 || ^18.0.0 || >=20.0.0"
      }
    },
    "node_modules/prettier": {
      "version": "3.2.4",
      "dev": true,
      "license": "MIT",
      "bin": {
        "prettier": "bin/prettier.cjs"
      },
      "engines": {
        "node": ">=14"
      },
      "funding": {
        "url": "https://github.com/prettier/prettier?sponsor=1"
      }
    },
    "node_modules/tar": {
      "version": "6.2.0",
      "dev": true,
      "license": "ISC",
      "dependencies": {
        "chownr": "^2.0.0",
        "fs-minipass": "^2.0.0",
        "minipass": "^5.0.0",
        "minizlib": "^2.1.1",
        "mkdirp": "^1.0.3",
        "yallist": "^4.0.0"
      },
      "engines": {
        "node": ">=10"
      }
    },
    "node_modules/typescript": {
      "version": "5.3.3",
      "license": "Apache-2.0",
      "peer": true,
      "bin": {
        "tsc": "bin/tsc",
        "tsserver": "bin/tsserver"
      },
      "engines": {
        "node": ">=14.17"
      }
    },
    "node_modules/ulid": {
      "version": "2.3.0",
      "license": "MIT",
      "bin": {
        "ulid": "bin/cli.js"
      }
    },
    "node_modules/undici-types": {
      "version": "5.28.2",
      "dev": true,
      "license": "MIT"
    },
    "node_modules/yallist": {
      "version": "4.0.0",
      "dev": true,
      "license": "ISC"
    },
    "node_modules/yaml": {
      "version": "2.3.4",
      "dev": true,
      "license": "ISC",
      "engines": {
        "node": ">= 14"
      }
    }
  }
}
